
Microsoft Visual Studio Solution File, Format Version 12.00
# Visual Studio Version 16
VisualStudioVersion = 16.0.32106.194
MinimumVisualStudioVersion = 10.0.40219.1
Project("{FAE04EC0-301F-11D3-BF4B-00C04F79EFBC}") = "testdevexp", "testdevexp\testdevexp.csproj", "{CF50E156-B35D-448F-946C-651141DC6D6B}"
EndProject
Project("{2150E333-8FDC-42A3-9474-1A3956D46DE8}") = "DevExtreme NuGet.config", "DevExtreme NuGet.config", "{4508E1E7-AE33-42AD-8FED-4BD718573048}"
	ProjectSection(SolutionItems) = preProject
		NuGet.config = NuGet.config
	EndProjectSection
EndProject
Global
	GlobalSection(SolutionConfigurationPlatforms) = preSolution
		Debug|Any CPU = Debug|Any CPU
		Release|Any CPU = Release|Any CPU
	EndGlobalSection
	GlobalSection(ProjectConfigurationPlatforms) = postSolution
		{CF50E156-B35D-448F-946C-651141DC6D6B}.Debug|Any CPU.ActiveCfg = Debug|Any CPU
		{CF50E156-B35D-448F-946C-651141DC6D6B}.Debug|Any CPU.Build.0 = Debug|Any CPU
		{CF50E156-B35D-448F-946C-651141DC6D6B}.Release|Any CPU.ActiveCfg = Release|Any CPU
		{CF50E156-B35D-448F-946C-651141DC6D6B}.Release|Any CPU.Build.0 = Release|Any CPU
	EndGlobalSection
	GlobalSection(SolutionProperties) = preSolution
		HideSolutionNode = FALSE
	EndGlobalSection
	GlobalSection(ExtensibilityGlobals) = postSolution
		SolutionGuid = {B9CC7E32-5AFC-4883-8470-0688339764AD}
	EndGlobalSection
EndGlobal
